# THIS IS AN AUTOGENERATED FILE. DO NOT EDIT THIS FILE DIRECTLY.
# yarn lockfile v1


fp-ts@^2.16.0:
  version "2.16.0"
  resolved "https://registry.yarnpkg.com/fp-ts/-/fp-ts-2.16.0.tgz#64e03314dfc1c7ce5e975d3496ac14bc3eb7f92e"
  integrity sha512-bLq+KgbiXdTEoT1zcARrWEpa5z6A/8b7PcDW7Gef3NSisQ+VS7ll2Xbf1E+xsgik0rWub/8u0qP/iTTjj+PhxQ==
